
Microsoft Visual Studio Solution File, Format Version 12.00
# Visual Studio Version 17
VisualStudioVersion = 17.9.34728.123
MinimumVisualStudioVersion = 10.0.40219.1
Project("{2150E333-8FDC-42A3-9474-1A3956D46DE8}") = "src", "src", "{D3435DFE-6EF1-41BC-95D6-8C8CB520FA19}"
EndProject
Project("{9A19103F-16F7-4668-BE54-9A1E7A4F7556}") = "Postech.PhaseThree.GroupEight.TechChallenge.Persistency.Application", "src\TechChallenge-Postech-4NETT-FaseTres-Worker-Persistency.Application\Postech.PhaseThree.GroupEight.TechChallenge.Persistency.Application.csproj", "{A0521777-BEC1-47EB-AD2A-7408A5108529}"
EndProject
Project("{9A19103F-16F7-4668-BE54-9A1E7A4F7556}") = "Postech.PhaseThree.GroupEight.TechChallenge.Persistency.Core", "src\TechChallenge-Postech-4NETT-FaseTres-Worker-Persistency.Core\Postech.PhaseThree.GroupEight.TechChallenge.Persistency.Core.csproj", "{A554F0A6-9F75-4538-9A7F-E115B2AE4CA2}"
EndProject
Project("{9A19103F-16F7-4668-BE54-9A1E7A4F7556}") = "Postech.PhaseThree.GroupEight.TechChallenge.Persistency.Infra", "src\TechChallenge-Postech-4NETT-FaseTres-Worker-Persistency.Infrastructure\Postech.PhaseThree.GroupEight.TechChallenge.Persistency.Infra.csproj", "{AA678DAB-EBE7-4CE3-A962-22CAFE3A3100}"
EndProject
Project("{9A19103F-16F7-4668-BE54-9A1E7A4F7556}") = "Postech.PhaseThree.GroupEight.TechChallenge.Persistency.Job", "src\TechChallenge-Postech-4NETT-FaseTres-Worker-Persistency.Job\Postech.PhaseThree.GroupEight.TechChallenge.Persistency.Job.csproj", "{EA41B62B-9442-43CA-8ADC-1F1260F84D14}"
EndProject
Project("{2150E333-8FDC-42A3-9474-1A3956D46DE8}") = "tests", "tests", "{9CC42F39-0013-41F0-A677-CFDF4ED0A6E3}"
EndProject
Project("{9A19103F-16F7-4668-BE54-9A1E7A4F7556}") = "Postech.PhaseThree.GroupEight.TechChallenge.Persistency.Core.Tests", "tests\Postech.PhaseThree.GroupEight.TechChallenge.Persistency.Core.Tests\Postech.PhaseThree.GroupEight.TechChallenge.Persistency.Core.Tests.csproj", "{C6D58F27-9EBE-4DBE-AE58-9DB1B6028456}"
EndProject
Project("{9A19103F-16F7-4668-BE54-9A1E7A4F7556}") = "Postech.PhaseThree.GroupEight.TechChallenge.Persistency.Application.Tests", "tests\Postech.PhaseThree.GroupEight.TechChallenge.Persistency.Application.Tests\Postech.PhaseThree.GroupEight.TechChallenge.Persistency.Application.Tests.csproj", "{3F834E6D-975B-4A6C-BADF-4C60393C78E3}"
EndProject
Project("{FAE04EC0-301F-11D3-BF4B-00C04F79EFBC}") = "Postech.PhaseThree.GroupEight.TechChallenge.Persistency.Infra.Tests", "tests\Postech.PhaseThree.GroupEight.TechChallenge.Persistency.Infra.Tests\Postech.PhaseThree.GroupEight.TechChallenge.Persistency.Infra.Tests.csproj", "{860C7B56-62DB-4F87-B829-D9BFF762FE1C}"
EndProject
Project("{FAE04EC0-301F-11D3-BF4B-00C04F79EFBC}") = "Postech.PhaseThree.GroupEight.TechChallenge.Persistency.Job.Tests", "tests\Postech.PhaseThree.GroupEight.TechChallenge.Persistency.Job.Tests\Postech.PhaseThree.GroupEight.TechChallenge.Persistency.Job.Tests.csproj", "{558F7B39-B2E7-45F7-BB31-D5017F86005F}"
EndProject
Global
	GlobalSection(SolutionConfigurationPlatforms) = preSolution
		Debug|Any CPU = Debug|Any CPU
		Release|Any CPU = Release|Any CPU
	EndGlobalSection
	GlobalSection(ProjectConfigurationPlatforms) = postSolution
		{A0521777-BEC1-47EB-AD2A-7408A5108529}.Debug|Any CPU.ActiveCfg = Debug|Any CPU
		{A0521777-BEC1-47EB-AD2A-7408A5108529}.Debug|Any CPU.Build.0 = Debug|Any CPU
		{A0521777-BEC1-47EB-AD2A-7408A5108529}.Release|Any CPU.ActiveCfg = Release|Any CPU
		{A0521777-BEC1-47EB-AD2A-7408A5108529}.Release|Any CPU.Build.0 = Release|Any CPU
		{A554F0A6-9F75-4538-9A7F-E115B2AE4CA2}.Debug|Any CPU.ActiveCfg = Debug|Any CPU
		{A554F0A6-9F75-4538-9A7F-E115B2AE4CA2}.Debug|Any CPU.Build.0 = Debug|Any CPU
		{A554F0A6-9F75-4538-9A7F-E115B2AE4CA2}.Release|Any CPU.ActiveCfg = Release|Any CPU
		{A554F0A6-9F75-4538-9A7F-E115B2AE4CA2}.Release|Any CPU.Build.0 = Release|Any CPU
		{AA678DAB-EBE7-4CE3-A962-22CAFE3A3100}.Debug|Any CPU.ActiveCfg = Debug|Any CPU
		{AA678DAB-EBE7-4CE3-A962-22CAFE3A3100}.Debug|Any CPU.Build.0 = Debug|Any CPU
		{AA678DAB-EBE7-4CE3-A962-22CAFE3A3100}.Release|Any CPU.ActiveCfg = Release|Any CPU
		{AA678DAB-EBE7-4CE3-A962-22CAFE3A3100}.Release|Any CPU.Build.0 = Release|Any CPU
		{EA41B62B-9442-43CA-8ADC-1F1260F84D14}.Debug|Any CPU.ActiveCfg = Debug|Any CPU
		{EA41B62B-9442-43CA-8ADC-1F1260F84D14}.Debug|Any CPU.Build.0 = Debug|Any CPU
		{EA41B62B-9442-43CA-8ADC-1F1260F84D14}.Release|Any CPU.ActiveCfg = Release|Any CPU
		{EA41B62B-9442-43CA-8ADC-1F1260F84D14}.Release|Any CPU.Build.0 = Release|Any CPU
		{C6D58F27-9EBE-4DBE-AE58-9DB1B6028456}.Debug|Any CPU.ActiveCfg = Debug|Any CPU
		{C6D58F27-9EBE-4DBE-AE58-9DB1B6028456}.Debug|Any CPU.Build.0 = Debug|Any CPU
		{C6D58F27-9EBE-4DBE-AE58-9DB1B6028456}.Release|Any CPU.ActiveCfg = Release|Any CPU
		{C6D58F27-9EBE-4DBE-AE58-9DB1B6028456}.Release|Any CPU.Build.0 = Release|Any CPU
		{3F834E6D-975B-4A6C-BADF-4C60393C78E3}.Debug|Any CPU.ActiveCfg = Debug|Any CPU
		{3F834E6D-975B-4A6C-BADF-4C60393C78E3}.Debug|Any CPU.Build.0 = Debug|Any CPU
		{3F834E6D-975B-4A6C-BADF-4C60393C78E3}.Release|Any CPU.ActiveCfg = Release|Any CPU
		{3F834E6D-975B-4A6C-BADF-4C60393C78E3}.Release|Any CPU.Build.0 = Release|Any CPU
		{860C7B56-62DB-4F87-B829-D9BFF762FE1C}.Debug|Any CPU.ActiveCfg = Debug|Any CPU
		{860C7B56-62DB-4F87-B829-D9BFF762FE1C}.Debug|Any CPU.Build.0 = Debug|Any CPU
		{860C7B56-62DB-4F87-B829-D9BFF762FE1C}.Release|Any CPU.ActiveCfg = Release|Any CPU
		{860C7B56-62DB-4F87-B829-D9BFF762FE1C}.Release|Any CPU.Build.0 = Release|Any CPU
		{558F7B39-B2E7-45F7-BB31-D5017F86005F}.Debug|Any CPU.ActiveCfg = Debug|Any CPU
		{558F7B39-B2E7-45F7-BB31-D5017F86005F}.Debug|Any CPU.Build.0 = Debug|Any CPU
		{558F7B39-B2E7-45F7-BB31-D5017F86005F}.Release|Any CPU.ActiveCfg = Release|Any CPU
		{558F7B39-B2E7-45F7-BB31-D5017F86005F}.Release|Any CPU.Build.0 = Release|Any CPU
	EndGlobalSection
	GlobalSection(SolutionProperties) = preSolution
		HideSolutionNode = FALSE
	EndGlobalSection
	GlobalSection(NestedProjects) = preSolution
		{A0521777-BEC1-47EB-AD2A-7408A5108529} = {D3435DFE-6EF1-41BC-95D6-8C8CB520FA19}
		{A554F0A6-9F75-4538-9A7F-E115B2AE4CA2} = {D3435DFE-6EF1-41BC-95D6-8C8CB520FA19}
		{AA678DAB-EBE7-4CE3-A962-22CAFE3A3100} = {D3435DFE-6EF1-41BC-95D6-8C8CB520FA19}
		{EA41B62B-9442-43CA-8ADC-1F1260F84D14} = {D3435DFE-6EF1-41BC-95D6-8C8CB520FA19}
		{C6D58F27-9EBE-4DBE-AE58-9DB1B6028456} = {9CC42F39-0013-41F0-A677-CFDF4ED0A6E3}
		{3F834E6D-975B-4A6C-BADF-4C60393C78E3} = {9CC42F39-0013-41F0-A677-CFDF4ED0A6E3}
		{860C7B56-62DB-4F87-B829-D9BFF762FE1C} = {9CC42F39-0013-41F0-A677-CFDF4ED0A6E3}
		{558F7B39-B2E7-45F7-BB31-D5017F86005F} = {9CC42F39-0013-41F0-A677-CFDF4ED0A6E3}
	EndGlobalSection
	GlobalSection(ExtensibilityGlobals) = postSolution
		SolutionGuid = {73E2B29E-84D4-4746-B369-764AA70DA55E}
	EndGlobalSection
EndGlobal
